{
    "_readme": [
        "This file locks the dependencies of your project to a known state",
        "Read more about it at https://getcomposer.org/doc/01-basic-usage.md#installing-dependencies",
        "This file is @generated automatically"
    ],
    "content-hash": "b2c96198c51e75988f8da6d138a1d0c0",
    "packages": [
        {
            "name": "philharvey/exiftool",
            "version": "12.30",
            "dist": {
                "type": "tar",
                "url": "https://exiftool.org/Image-ExifTool-12.30.tar.gz"
            },
            "type": "library"
        }
    ],
    "packages-dev": [],
    "aliases": [],
    "minimum-stability": "stable",
    "stability-flags": [],
    "prefer-stable": false,
    "prefer-lowest": false,
    "platform": [],
    "platform-dev": [],
    "plugin-api-version": "1.1.0"
}
